<?xml version="1.0" encoding="utf-8"?>
<Project ToolsVersion="4.0" xmlns="http://schemas.microsoft.com/developer/msbuild/2003">
  <ItemGroup>
    <Filter Include="Source Files">
      <UniqueIdentifier>{4FC737F1-C7A5-4376-A066-2A32D752A2FF}</UniqueIdentifier>
      <Extensions>cpp;c;cc;cxx;c++;cppm;ixx;def;odl;idl;hpj;bat;asm;asmx</Extensions>
    </Filter>
    <Filter Include="Header Files">
      <UniqueIdentifier>{93995380-89BD-4b04-88EB-625FBE52EBFB}</UniqueIdentifier>
      <Extensions>h;hh;hpp;hxx;h++;hm;inl;inc;ipp;xsd</Extensions>
    </Filter>
    <Filter Include="Resource Files">
      <UniqueIdentifier>{67DA6AB6-F800-4c08-8B7A-83BB121AAD01}</UniqueIdentifier>
      <Extensions>rc;ico;cur;bmp;dlg;rc2;rct;bin;rgs;gif;jpg;jpeg;jpe;resx;tiff;tif;png;wav;mfcribbon-ms</Extensions>
    </Filter>
  </ItemGroup>
  <ItemGroup>
    <ClCompile Include="Source\Exercises\EvenOddPrinterExercise.cpp">
      <Filter>Source Files</Filter>
    </ClCompile>
    <ClCompile Include="Source\Exercises\HelloWordExercise.cpp">
      <Filter>Source Files</Filter>
    </ClCompile>
    <ClCompile Include="Source\Exercises\MatrixMultiplicationExercise.cpp">
      <Filter>Source Files</Filter>
    </ClCompile>
    <ClCompile Include="Source\Exercises\SumAlgorithmsExercise.cpp">
      <Filter>Source Files</Filter>
    </ClCompile>
    <ClCompile Include="Source\Main.cpp">
      <Filter>Source Files</Filter>
    </ClCompile>
    <ClCompile Include="Source\Restaurant\Customer.cpp">
      <Filter>Source Files</Filter>
    </ClCompile>
    <ClCompile Include="Source\Restaurant\Waiter.cpp">
      <Filter>Source Files</Filter>
    </ClCompile>
    <ClCompile Include="Source\Restaurant\Cooker.cpp">
      <Filter>Source Files</Filter>
    </ClCompile>
    <ClCompile Include="Source\Restaurant\Chief.cpp">
      <Filter>Source Files</Filter>
    </ClCompile>
    <ClCompile Include="Source\Restaurant\RestaurantSimulation.cpp">
      <Filter>Source Files</Filter>
    </ClCompile>
    <ClCompile Include="Source\Restaurant\TableManager.cpp">
      <Filter>Source Files</Filter>
    </ClCompile>
  </ItemGroup>
  <ItemGroup>
    <ClInclude Include="Source\Exercises\EvenOddPrinterExercise.h">
      <Filter>Header Files</Filter>
    </ClInclude>
    <ClInclude Include="Source\Exercises\HelloWordExercise.h">
      <Filter>Header Files</Filter>
    </ClInclude>
    <ClInclude Include="Source\Exercises\MatrixMultiplicationExercise.h">
      <Filter>Header Files</Filter>
    </ClInclude>
    <ClInclude Include="Source\Exercises\SumAlgorithmsExercise.h">
      <Filter>Header Files</Filter>
    </ClInclude>
    <ClInclude Include="Source\Restaurant\MessageQueue.h">
      <Filter>Header Files</Filter>
    </ClInclude>
    <ClInclude Include="Source\Restaurant\Messages.h">
      <Filter>Header Files</Filter>
    </ClInclude>
    <ClInclude Include="Source\Restaurant\Customer.h">
      <Filter>Header Files</Filter>
    </ClInclude>
    <ClInclude Include="Source\Restaurant\Waiter.h">
      <Filter>Header Files</Filter>
    </ClInclude>
    <ClInclude Include="Source\Restaurant\Cooker.h">
      <Filter>Header Files</Filter>
    </ClInclude>
    <ClInclude Include="Source\Restaurant\Chief.h">
      <Filter>Header Files</Filter>
    </ClInclude>
    <ClInclude Include="Source\Restaurant\RestaurantSimulation.h">
      <Filter>Header Files</Filter>
    </ClInclude>
    <ClInclude Include="Source\Restaurant\TableManager.h">
      <Filter>Header Files</Filter>
    </ClInclude>
  </ItemGroup>
</Project>